// !$*UTF8*$!
{
	archiveVersion = 1;
	classes = {
	};
	objectVersion = 55;
	objects = {

/* Begin PBXBuildFile section */
		6CA2515B27E3A17200EE6A0E /* AppDelegate.swift in Sources */ = {isa = PBXBuildFile; fileRef = 6CA2515A27E3A17200EE6A0E /* AppDelegate.swift */; };
		6CA2515D27E3A17200EE6A0E /* SceneDelegate.swift in Sources */ = {isa = PBXBuildFile; fileRef = 6CA2515C27E3A17200EE6A0E /* SceneDelegate.swift */; };
		6CA2516227E3A17200EE6A0E /* Main.storyboard in Resources */ = {isa = PBXBuildFile; fileRef = 6CA2516027E3A17200EE6A0E /* Main.storyboard */; };
		6CA2516427E3A17400EE6A0E /* Assets.xcassets in Resources */ = {isa = PBXBuildFile; fileRef = 6CA2516327E3A17400EE6A0E /* Assets.xcassets */; };
		6CA2516727E3A17400EE6A0E /* LaunchScreen.storyboard in Resources */ = {isa = PBXBuildFile; fileRef = 6CA2516527E3A17400EE6A0E /* LaunchScreen.storyboard */; };
		6CA2517227E3ABCA00EE6A0E /* Bitcoin.swift in Sources */ = {isa = PBXBuildFile; fileRef = 6CA2517127E3ABCA00EE6A0E /* Bitcoin.swift */; };
		6CA2517427E3B71E00EE6A0E /* NetworkManager.swift in Sources */ = {isa = PBXBuildFile; fileRef = 6CA2517327E3B71E00EE6A0E /* NetworkManager.swift */; };
		6CA2517B27E4EE0600EE6A0E /* RateViewController.swift in Sources */ = {isa = PBXBuildFile; fileRef = 6CA2517A27E4EE0600EE6A0E /* RateViewController.swift */; };
/* End PBXBuildFile section */

/* Begin PBXFileReference section */
		6CA2515727E3A17200EE6A0E /* Bitcoin.app */ = {isa = PBXFileReference; explicitFileType = wrapper.application; includeInIndex = 0; path = Bitcoin.app; sourceTree = BUILT_PRODUCTS_DIR; };
		6CA2515A27E3A17200EE6A0E /* AppDelegate.swift */ = {isa = PBXFileReference; lastKnownFileType = sourcecode.swift; path = AppDelegate.swift; sourceTree = "<group>"; };
		6CA2515C27E3A17200EE6A0E /* SceneDelegate.swift */ = {isa = PBXFileReference; lastKnownFileType = sourcecode.swift; path = SceneDelegate.swift; sourceTree = "<group>"; };
		6CA2516127E3A17200EE6A0E /* Base */ = {isa = PBXFileReference; lastKnownFileType = file.storyboard; name = Base; path = Base.lproj/Main.storyboard; sourceTree = "<group>"; };
		6CA2516327E3A17400EE6A0E /* Assets.xcassets */ = {isa = PBXFileReference; lastKnownFileType = folder.assetcatalog; path = Assets.xcassets; sourceTree = "<group>"; };
		6CA2516627E3A17400EE6A0E /* Base */ = {isa = PBXFileReference; lastKnownFileType = file.storyboard; name = Base; path = Base.lproj/LaunchScreen.storyboard; sourceTree = "<group>"; };
		6CA2516827E3A17400EE6A0E /* Info.plist */ = {isa = PBXFileReference; lastKnownFileType = text.plist.xml; path = Info.plist; sourceTree = "<group>"; };
		6CA2517127E3ABCA00EE6A0E /* Bitcoin.swift */ = {isa = PBXFileReference; lastKnownFileType = sourcecode.swift; path = Bitcoin.swift; sourceTree = "<group>"; };
		6CA2517327E3B71E00EE6A0E /* NetworkManager.swift */ = {isa = PBXFileReference; lastKnownFileType = sourcecode.swift; path = NetworkManager.swift; sourceTree = "<group>"; };
		6CA2517A27E4EE0600EE6A0E /* RateViewController.swift */ = {isa = PBXFileReference; lastKnownFileType = sourcecode.swift; path = RateViewController.swift; sourceTree = "<group>"; };
/* End PBXFileReference section */

/* Begin PBXFrameworksBuildPhase section */
		6CA2515427E3A17200EE6A0E /* Frameworks */ = {
			isa = PBXFrameworksBuildPhase;
			buildActionMask = 2147483647;
			files = (
			);
			runOnlyForDeploymentPostprocessing = 0;
		};
/* End PBXFrameworksBuildPhase section */

/* Begin PBXGroup section */
		6CA2514E27E3A17200EE6A0E = {
			isa = PBXGroup;
			children = (
				6CA2515927E3A17200EE6A0E /* Bitcoin */,
				6CA2515827E3A17200EE6A0E /* Products */,
			);
			sourceTree = "<group>";
		};
		6CA2515827E3A17200EE6A0E /* Products */ = {
			isa = PBXGroup;
			children = (
				6CA2515727E3A17200EE6A0E /* Bitcoin.app */,
			);
			name = Products;
			sourceTree = "<group>";
		};
		6CA2515927E3A17200EE6A0E /* Bitcoin */ = {
			isa = PBXGroup;
			children = (
				6CA2517627E3B74500EE6A0E /* Models */,
				6CA2517927E3BAB100EE6A0E /* ViewControllers */,
				6CA2517527E3B72F00EE6A0E /* Services */,
				6CA2516E27E3A52A00EE6A0E /* SupportingFiles */,
				6CA2516F27E3A67500EE6A0E /* Storyboards */,
				6CA2517027E3A68B00EE6A0E /* Sourse */,
			);
			path = Bitcoin;
			sourceTree = "<group>";
		};
		6CA2516E27E3A52A00EE6A0E /* SupportingFiles */ = {
			isa = PBXGroup;
			children = (
				6CA2515A27E3A17200EE6A0E /* AppDelegate.swift */,
				6CA2515C27E3A17200EE6A0E /* SceneDelegate.swift */,
				6CA2516827E3A17400EE6A0E /* Info.plist */,
			);
			path = SupportingFiles;
			sourceTree = "<group>";
		};
		6CA2516F27E3A67500EE6A0E /* Storyboards */ = {
			isa = PBXGroup;
			children = (
				6CA2516027E3A17200EE6A0E /* Main.storyboard */,
				6CA2516527E3A17400EE6A0E /* LaunchScreen.storyboard */,
			);
			path = Storyboards;
			sourceTree = "<group>";
		};
		6CA2517027E3A68B00EE6A0E /* Sourse */ = {
			isa = PBXGroup;
			children = (
				6CA2516327E3A17400EE6A0E /* Assets.xcassets */,
			);
			path = Sourse;
			sourceTree = "<group>";
		};
		6CA2517527E3B72F00EE6A0E /* Services */ = {
			isa = PBXGroup;
			children = (
				6CA2517327E3B71E00EE6A0E /* NetworkManager.swift */,
			);
			path = Services;
			sourceTree = "<group>";
		};
		6CA2517627E3B74500EE6A0E /* Models */ = {
			isa = PBXGroup;
			children = (
				6CA2517127E3ABCA00EE6A0E /* Bitcoin.swift */,
			);
			path = Models;
			sourceTree = "<group>";
		};
		6CA2517927E3BAB100EE6A0E /* ViewControllers */ = {
			isa = PBXGroup;
			children = (
				6CA2517A27E4EE0600EE6A0E /* RateViewController.swift */,
			);
			path = ViewControllers;
			sourceTree = "<group>";
		};
/* End PBXGroup section */

/* Begin PBXNativeTarget section */
		6CA2515627E3A17200EE6A0E /* Bitcoin */ = {
			isa = PBXNativeTarget;
			buildConfigurationList = 6CA2516B27E3A17400EE6A0E /* Build configuration list for PBXNativeTarget "Bitcoin" */;
			buildPhases = (
				6CA2515327E3A17200EE6A0E /* Sources */,
				6CA2515427E3A17200EE6A0E /* Frameworks */,
				6CA2515527E3A17200EE6A0E /* Resources */,
			);
			buildRules = (
			);
			dependencies = (
			);
			name = Bitcoin;
			productName = Bitcoin;
			productReference = 6CA2515727E3A17200EE6A0E /* Bitcoin.app */;
			productType = "com.apple.product-type.application";
		};
/* End PBXNativeTarget section */

/* Begin PBXProject section */
		6CA2514F27E3A17200EE6A0E /* Project object */ = {
			isa = PBXProject;
			attributes = {
				BuildIndependentTargetsInParallel = 1;
				LastSwiftUpdateCheck = 1320;
				LastUpgradeCheck = 1320;
				TargetAttributes = {
					6CA2515627E3A17200EE6A0E = {
						CreatedOnToolsVersion = 13.2.1;
					};
				};
			};
			buildConfigurationList = 6CA2515227E3A17200EE6A0E /* Build configuration list for PBXProject "Bitcoin" */;
			compatibilityVersion = "Xcode 13.0";
			developmentRegion = en;
			hasScannedForEncodings = 0;
			knownRegions = (
				en,
				Base,
			);
			mainGroup = 6CA2514E27E3A17200EE6A0E;
			productRefGroup = 6CA2515827E3A17200EE6A0E /* Products */;
			projectDirPath = "";
			projectRoot = "";
			targets = (
				6CA2515627E3A17200EE6A0E /* Bitcoin */,
			);
		};
/* End PBXProject section */

/* Begin PBXResourcesBuildPhase section */
		6CA2515527E3A17200EE6A0E /* Resources */ = {
			isa = PBXResourcesBuildPhase;
			buildActionMask = 2147483647;
			files = (
				6CA2516727E3A17400EE6A0E /* LaunchScreen.storyboard in Resources */,
				6CA2516427E3A17400EE6A0E /* Assets.xcassets in Resources */,
				6CA2516227E3A17200EE6A0E /* Main.storyboard in Resources */,
			);
			runOnlyForDeploymentPostprocessing = 0;
		};
/* End PBXResourcesBuildPhase section */

/* Begin PBXSourcesBuildPhase section */
		6CA2515327E3A17200EE6A0E /* Sources */ = {
			isa = PBXSourcesBuildPhase;
			buildActionMask = 2147483647;
			files = (
				6CA2517427E3B71E00EE6A0E /* NetworkManager.swift in Sources */,
				6CA2517227E3ABCA00EE6A0E /* Bitcoin.swift in Sources */,
				6CA2515B27E3A17200EE6A0E /* AppDelegate.swift in Sources */,
				6CA2517B27E4EE0600EE6A0E /* RateViewController.swift in Sources */,
				6CA2515D27E3A17200EE6A0E /* SceneDelegate.swift in Sources */,
			);
			runOnlyForDeploymentPostprocessing = 0;
		};
/* End PBXSourcesBuildPhase section */

/* Begin PBXVariantGroup section */
		6CA2516027E3A17200EE6A0E /* Main.storyboard */ = {
			isa = PBXVariantGroup;
			children = (
				6CA2516127E3A17200EE6A0E /* Base */,
			);
			name = Main.storyboard;
			sourceTree = "<group>";
		};
		6CA2516527E3A17400EE6A0E /* LaunchScreen.storyboard */ = {
			isa = PBXVariantGroup;
			children = (
				6CA2516627E3A17400EE6A0E /* Base */,
			);
			name = LaunchScreen.storyboard;
			sourceTree = "<group>";
		};
/* End PBXVariantGroup section */

/* Begin XCBuildConfiguration section */
		6CA2516927E3A17400EE6A0E /* Debug */ = {
			isa = XCBuildConfiguration;
			buildSettings = {
				ALWAYS_SEARCH_USER_PATHS = NO;
				CLANG_ANALYZER_NONNULL = YES;
				CLANG_ANALYZER_NUMBER_OBJECT_CONVERSION = YES_AGGRESSIVE;
				CLANG_CXX_LANGUAGE_STANDARD = "gnu++17";
				CLANG_CXX_LIBRARY = "libc++";
				CLANG_ENABLE_MODULES = YES;
				CLANG_ENABLE_OBJC_ARC = YES;
				CLANG_ENABLE_OBJC_WEAK = YES;
				CLANG_WARN_BLOCK_CAPTURE_AUTORELEASING = YES;
				CLANG_WARN_BOOL_CONVERSION = YES;
				CLANG_WARN_COMMA = YES;
				CLANG_WARN_CONSTANT_CONVERSION = YES;
				CLANG_WARN_DEPRECATED_OBJC_IMPLEMENTATIONS = YES;
				CLANG_WARN_DIRECT_OBJC_ISA_USAGE = YES_ERROR;
				CLANG_WARN_DOCUMENTATION_COMMENTS = YES;
				CLANG_WARN_EMPTY_BODY = YES;
				CLANG_WARN_ENUM_CONVERSION = YES;
				CLANG_WARN_INFINITE_RECURSION = YES;
				CLANG_WARN_INT_CONVERSION = YES;
				CLANG_WARN_NON_LITERAL_NULL_CONVERSION = YES;
				CLANG_WARN_OBJC_IMPLICIT_RETAIN_SELF = YES;
				CLANG_WARN_OBJC_LITERAL_CONVERSION = YES;
				CLANG_WARN_OBJC_ROOT_CLASS = YES_ERROR;
				CLANG_WARN_QUOTED_INCLUDE_IN_FRAMEWORK_HEADER = YES;
				CLANG_WARN_RANGE_LOOP_ANALYSIS = YES;
				CLANG_WARN_STRICT_PROTOTYPES = YES;
				CLANG_WARN_SUSPICIOUS_MOVE = YES;
				CLANG_WARN_UNGUARDED_AVAILABILITY = YES_AGGRESSIVE;
				CLANG_WARN_UNREACHABLE_CODE = YES;
				CLANG_WARN__DUPLICATE_METHOD_MATCH = YES;
				COPY_PHASE_STRIP = NO;
				DEBUG_INFORMATION_FORMAT = dwarf;
				ENABLE_STRICT_OBJC_MSGSEND = YES;
				ENABLE_TESTABILITY = YES;
				GCC_C_LANGUAGE_STANDARD = gnu11;
				GCC_DYNAMIC_NO_PIC = NO;
				GCC_NO_COMMON_BLOCKS = YES;
				GCC_OPTIMIZATION_LEVEL = 0;
				GCC_PREPROCESSOR_DEFINITIONS = (
					"DEBUG=1",
					"$(inherited)",
				);
				GCC_WARN_64_TO_32_BIT_CONVERSION = YES;
				GCC_WARN_ABOUT_RETURN_TYPE = YES_ERROR;
				GCC_WARN_UNDECLARED_SELECTOR = YES;
				GCC_WARN_UNINITIALIZED_AUTOS = YES_AGGRESSIVE;
				GCC_WARN_UNUSED_FUNCTION = YES;
				GCC_WARN_UNUSED_VARIABLE = YES;
				IPHONEOS_DEPLOYMENT_TARGET = 15.2;
				MTL_ENABLE_DEBUG_INFO = INCLUDE_SOURCE;
				MTL_FAST_MATH = YES;
				ONLY_ACTIVE_ARCH = YES;
				SDKROOT = iphoneos;
				SWIFT_ACTIVE_COMPILATION_CONDITIONS = DEBUG;
				SWIFT_OPTIMIZATION_LEVEL = "-Onone";
			};
			name = Debug;
		};
		6CA2516A27E3A17400EE6A0E /* Release */ = {
			isa = XCBuildConfiguration;
			buildSettings = {
				ALWAYS_SEARCH_USER_PATHS = NO;
				CLANG_ANALYZER_NONNULL = YES;
				CLANG_ANALYZER_NUMBER_OBJECT_CONVERSION = YES_AGGRESSIVE;
				CLANG_CXX_LANGUAGE_STANDARD = "gnu++17";
				CLANG_CXX_LIBRARY = "libc++";
				CLANG_ENABLE_MODULES = YES;
				CLANG_ENABLE_OBJC_ARC = YES;
				CLANG_ENABLE_OBJC_WEAK = YES;
				CLANG_WARN_BLOCK_CAPTURE_AUTORELEASING = YES;
				CLANG_WARN_BOOL_CONVERSION = YES;
				CLANG_WARN_COMMA = YES;
				CLANG_WARN_CONSTANT_CONVERSION = YES;
				CLANG_WARN_DEPRECATED_OBJC_IMPLEMENTATIONS = YES;
				CLANG_WARN_DIRECT_OBJC_ISA_USAGE = YES_ERROR;
				CLANG_WARN_DOCUMENTATION_COMMENTS = YES;
				CLANG_WARN_EMPTY_BODY = YES;
				CLANG_WARN_ENUM_CONVERSION = YES;
				CLANG_WARN_INFINITE_RECURSION = YES;
				CLANG_WARN_INT_CONVERSION = YES;
				CLANG_WARN_NON_LITERAL_NULL_CONVERSION = YES;
				CLANG_WARN_OBJC_IMPLICIT_RETAIN_SELF = YES;
				CLANG_WARN_OBJC_LITERAL_CONVERSION = YES;
				CLANG_WARN_OBJC_ROOT_CLASS = YES_ERROR;
				CLANG_WARN_QUOTED_INCLUDE_IN_FRAMEWORK_HEADER = YES;
				CLANG_WARN_RANGE_LOOP_ANALYSIS = YES;
				CLANG_WARN_STRICT_PROTOTYPES = YES;
				CLANG_WARN_SUSPICIOUS_MOVE = YES;
				CLANG_WARN_UNGUARDED_AVAILABILITY = YES_AGGRESSIVE;
				CLANG_WARN_UNREACHABLE_CODE = YES;
				CLANG_WARN__DUPLICATE_METHOD_MATCH = YES;
				COPY_PHASE_STRIP = NO;
				DEBUG_INFORMATION_FORMAT = "dwarf-with-dsym";
				ENABLE_NS_ASSERTIONS = NO;
				ENABLE_STRICT_OBJC_MSGSEND = YES;
				GCC_C_LANGUAGE_STANDARD = gnu11;
				GCC_NO_COMMON_BLOCKS = YES;
				GCC_WARN_64_TO_32_BIT_CONVERSION = YES;
				GCC_WARN_ABOUT_RETURN_TYPE = YES_ERROR;
				GCC_WARN_UNDECLARED_SELECTOR = YES;
				GCC_WARN_UNINITIALIZED_AUTOS = YES_AGGRESSIVE;
				GCC_WARN_UNUSED_FUNCTION = YES;
				GCC_WARN_UNUSED_VARIABLE = YES;
				IPHONEOS_DEPLOYMENT_TARGET = 15.2;
				MTL_ENABLE_DEBUG_INFO = NO;
				MTL_FAST_MATH = YES;
				SDKROOT = iphoneos;
				SWIFT_COMPILATION_MODE = wholemodule;
				SWIFT_OPTIMIZATION_LEVEL = "-O";
				VALIDATE_PRODUCT = YES;
			};
			name = Release;
		};
		6CA2516C27E3A17400EE6A0E /* Debug */ = {
			isa = XCBuildConfiguration;
			buildSettings = {
				ASSETCATALOG_COMPILER_APPICON_NAME = AppIcon;
				ASSETCATALOG_COMPILER_GLOBAL_ACCENT_COLOR_NAME = AccentColor;
				CODE_SIGN_STYLE = Automatic;
				CURRENT_PROJECT_VERSION = 1;
				DEVELOPMENT_TEAM = MAMAND5R9P;
				GENERATE_INFOPLIST_FILE = YES;
				INFOPLIST_FILE = Bitcoin/SupportingFiles/Info.plist;
				INFOPLIST_KEY_CFBundleDisplayName = Bitcoin;
				INFOPLIST_KEY_UIApplicationSupportsIndirectInputEvents = YES;
				INFOPLIST_KEY_UILaunchStoryboardName = LaunchScreen;
				INFOPLIST_KEY_UIMainStoryboardFile = Main;
				INFOPLIST_KEY_UISupportedInterfaceOrientations = UIInterfaceOrientationPortrait;
				LD_RUNPATH_SEARCH_PATHS = (
					"$(inherited)",
					"@executable_path/Frameworks",
				);
				MARKETING_VERSION = 1.0.0;
				PRODUCT_BUNDLE_IDENTIFIER = AlexeyRadomskiy.Bitcoin;
				PRODUCT_NAME = "$(TARGET_NAME)";
				SWIFT_EMIT_LOC_STRINGS = YES;
				SWIFT_VERSION = 5.0;
				TARGETED_DEVICE_FAMILY = 1;
			};
			name = Debug;
		};
		6CA2516D27E3A17400EE6A0E /* Release */ = {
			isa = XCBuildConfiguration;
			buildSettings = {
				ASSETCATALOG_COMPILER_APPICON_NAME = AppIcon;
				ASSETCATALOG_COMPILER_GLOBAL_ACCENT_COLOR_NAME = AccentColor;
				CODE_SIGN_STYLE = Automatic;
				CURRENT_PROJECT_VERSION = 1;
				DEVELOPMENT_TEAM = MAMAND5R9P;
				GENERATE_INFOPLIST_FILE = YES;
				INFOPLIST_FILE = Bitcoin/SupportingFiles/Info.plist;
				INFOPLIST_KEY_CFBundleDisplayName = Bitcoin;
				INFOPLIST_KEY_UIApplicationSupportsIndirectInputEvents = YES;
				INFOPLIST_KEY_UILaunchStoryboardName = LaunchScreen;
				INFOPLIST_KEY_UIMainStoryboardFile = Main;
				INFOPLIST_KEY_UISupportedInterfaceOrientations = UIInterfaceOrientationPortrait;
				LD_RUNPATH_SEARCH_PATHS = (
					"$(inherited)",
					"@executable_path/Frameworks",
				);
				MARKETING_VERSION = 1.0.0;
				PRODUCT_BUNDLE_IDENTIFIER = AlexeyRadomskiy.Bitcoin;
				PRODUCT_NAME = "$(TARGET_NAME)";
				SWIFT_EMIT_LOC_STRINGS = YES;
				SWIFT_VERSION = 5.0;
				TARGETED_DEVICE_FAMILY = 1;
			};
			name = Release;
		};
/* End XCBuildConfiguration section */

/* Begin XCConfigurationList section */
		6CA2515227E3A17200EE6A0E /* Build configuration list for PBXProject "Bitcoin" */ = {
			isa = XCConfigurationList;
			buildConfigurations = (
				6CA2516927E3A17400EE6A0E /* Debug */,
				6CA2516A27E3A17400EE6A0E /* Release */,
			);
			defaultConfigurationIsVisible = 0;
			defaultConfigurationName = Release;
		};
		6CA2516B27E3A17400EE6A0E /* Build configuration list for PBXNativeTarget "Bitcoin" */ = {
			isa = XCConfigurationList;
			buildConfigurations = (
				6CA2516C27E3A17400EE6A0E /* Debug */,
				6CA2516D27E3A17400EE6A0E /* Release */,
			);
			defaultConfigurationIsVisible = 0;
			defaultConfigurationName = Release;
		};
/* End XCConfigurationList section */
	};
	rootObject = 6CA2514F27E3A17200EE6A0E /* Project object */;
}
